{"filter":false,"title":"Gemfile.lock","tooltip":"/Gemfile.lock","undoManager":{"mark":-1,"position":-1,"stack":[]},"ace":{"folds":[],"scrolltop":475.2272472381592,"scrollleft":0,"selection":{"start":{"row":41,"column":4},"end":{"row":41,"column":7},"isBackwards":false},"options":{"guessTabSize":true,"useWrapMode":false,"wrapToView":true},"firstLineState":{"row":33,"state":"start","mode":"ace/mode/text"}},"timestamp":1484797048662,"hash":"42b177af9acfdaeedd8116065a1af13914c5d554"}