{"filter":false,"title":"Gemfile.lock","tooltip":"/Gemfile.lock","undoManager":{"mark":-1,"position":-1,"stack":[]},"ace":{"folds":[],"scrolltop":4038.7271270751953,"scrollleft":0,"selection":{"start":{"row":307,"column":30},"end":{"row":308,"column":29},"isBackwards":false},"options":{"guessTabSize":true,"useWrapMode":false,"wrapToView":true},"firstLineState":{"row":295,"state":"start","mode":"ace/mode/text"}},"timestamp":1484797048662,"hash":"5514adb229b4bb33e0eeb4b45f860c4eae9148bc"}